<?xml version="1.0" encoding="utf-8"?>
<Project ToolsVersion="15.0" xmlns="http://schemas.microsoft.com/developer/msbuild/2003">
  <ItemGroup>
    <Filter Include="Resources">
      <UniqueIdentifier>accd3aa8-1ba0-4223-9bbe-0c431709210b</UniqueIdentifier>
      <Extensions>rc;ico;cur;bmp;dlg;rc2;rct;bin;rgs;gif;jpg;jpeg;jpe;resx;tga;tiff;tif;png;wav;mfcribbon-ms</Extensions>
    </Filter>
    <Filter Include="Generated Files">
      <UniqueIdentifier>{926ab91d-31b4-48c3-b9a4-e681349f27f0}</UniqueIdentifier>
    </Filter>
    <Filter Include="Models">
      <UniqueIdentifier>{cac1a9db-8fbd-4315-96bc-a67632a5c254}</UniqueIdentifier>
    </Filter>
  </ItemGroup>
  <ItemGroup>
    <ClCompile Include="pch.cpp" />
    <ClCompile Include="$(GeneratedFilesDir)module.g.cpp" />
    <ClCompile Include="Models.DateFormat.cpp" />
    <ClCompile Include="Models.CurrencyFormat.cpp" />
    <ClCompile Include="Models.Budget.Budget.BudgetSummary.cpp">
      <Filter>Models</Filter>
    </ClCompile>
  </ItemGroup>
  <ItemGroup>
    <ClInclude Include="pch.h" />
    <ClInclude Include="Models.DateFormat.h" />
    <ClInclude Include="Models.CurrencyFormat.h" />
    <ClInclude Include="Models.Budget.Budget.BudgetSummary.h">
      <Filter>Models</Filter>
    </ClInclude>
  </ItemGroup>
  <ItemGroup>
    <None Include="YnabApi.def" />
  </ItemGroup>
  <ItemGroup>
    <Text Include="readme.txt" />
  </ItemGroup>
  <ItemGroup>
    <Midl Include="Models.DateFormat.idl">
      <Filter>Models</Filter>
    </Midl>
    <Midl Include="Models.CurrencyFormat.idl">
      <Filter>Models</Filter>
    </Midl>
    <Midl Include="Models.Budget.idl">
      <Filter>Models</Filter>
    </Midl>
  </ItemGroup>
</Project>