<?xml version="1.0" encoding="utf-8"?>
<Project ToolsVersion="15.0" xmlns="http://schemas.microsoft.com/developer/msbuild/2003">
  <ItemGroup>
    <Filter Include="Resources">
      <UniqueIdentifier>accd3aa8-1ba0-4223-9bbe-0c431709210b</UniqueIdentifier>
      <Extensions>rc;ico;cur;bmp;dlg;rc2;rct;bin;rgs;gif;jpg;jpeg;jpe;resx;tga;tiff;tif;png;wav;mfcribbon-ms</Extensions>
    </Filter>
    <Filter Include="Generated Files">
      <UniqueIdentifier>{926ab91d-31b4-48c3-b9a4-e681349f27f0}</UniqueIdentifier>
    </Filter>
    <Filter Include="Models">
      <UniqueIdentifier>{cac1a9db-8fbd-4315-96bc-a67632a5c254}</UniqueIdentifier>
    </Filter>
    <Filter Include="Requests">
      <UniqueIdentifier>{e06f03a4-40fd-4520-bb2d-0bc9495c8c6f}</UniqueIdentifier>
    </Filter>
    <Filter Include="Utilities">
      <UniqueIdentifier>{fd495f10-318d-46af-86fd-1f6288ad2929}</UniqueIdentifier>
    </Filter>
  </ItemGroup>
  <ItemGroup>
    <ClCompile Include="pch.cpp" />
    <ClCompile Include="$(GeneratedFilesDir)module.g.cpp" />
    <ClCompile Include="Models.DateFormat.cpp" />
    <ClCompile Include="Models.CurrencyFormat.cpp" />
    <ClCompile Include="Models.Budget.cpp" />
    <ClCompile Include="Models.Error.cpp" />
    <ClCompile Include="Models.BudgetsResponse.cpp" />
    <ClCompile Include="Requests.BudgetsRequest.cpp" />
    <ClCompile Include="EnumHelper.cpp">
      <Filter>Utilities</Filter>
    </ClCompile>
    <ClCompile Include="Models.Account.cpp" />
  </ItemGroup>
  <ItemGroup>
    <ClInclude Include="pch.h" />
    <ClInclude Include="Models.DateFormat.h" />
    <ClInclude Include="Models.CurrencyFormat.h" />
    <ClInclude Include="Models.Budget.h" />
    <ClInclude Include="Models.Error.h" />
    <ClInclude Include="Models.BudgetsResponse.h" />
    <ClInclude Include="Requests.BudgetsRequest.h" />
    <ClInclude Include="EnumHelper.h">
      <Filter>Utilities</Filter>
    </ClInclude>
    <ClInclude Include="Models.Account.h" />
  </ItemGroup>
  <ItemGroup>
    <None Include="YnabApi.def" />
  </ItemGroup>
  <ItemGroup>
    <Text Include="readme.txt" />
  </ItemGroup>
  <ItemGroup>
    <Midl Include="Models.DateFormat.idl">
      <Filter>Models</Filter>
    </Midl>
    <Midl Include="Models.CurrencyFormat.idl">
      <Filter>Models</Filter>
    </Midl>
    <Midl Include="Models.Budget.idl">
      <Filter>Models</Filter>
    </Midl>
    <Midl Include="Requests.BudgetsRequest.idl">
      <Filter>Requests</Filter>
    </Midl>
    <Midl Include="Models.BudgetsResponse.idl">
      <Filter>Models</Filter>
    </Midl>
    <Midl Include="Models.Error.idl">
      <Filter>Models</Filter>
    </Midl>
    <Midl Include="Models.Account.idl">
      <Filter>Models</Filter>
    </Midl>
    <Midl Include="Models.Payee.idl">
      <Filter>Models</Filter>
    </Midl>
  </ItemGroup>
</Project>